{
  "nodes": {
    "awww": {
      "inputs": {
        "flake-compat": "flake-compat",
        "nixpkgs": [
          "niri",
          "wallpapers",
          "nixpkgs"
        ],
        "rust-overlay": "rust-overlay"
      },
      "locked": {
        "lastModified": 1770895252,
        "narHash": "sha256-TUGZVDcC5xsrWVnpBNosAG1cTy+aWchCWXPyeLZdnGM=",
        "ref": "refs/heads/main",
        "rev": "2c86d41d07471f518e24f5cd1f586e4d2a32d12c",
        "revCount": 1331,
        "type": "git",
        "url": "https://codeberg.org/LGFae/awww"
      },
      "original": {
        "type": "git",
        "url": "https://codeberg.org/LGFae/awww"
      }
    },
    "cursors": {
      "inputs": {
        "nixpkgs": [
          "nixpkgs"
        ]
      },
      "locked": {
        "lastModified": 1774838848,
        "narHash": "sha256-1HQ7rlNWYFh4WFT6h+dfaEFT3H0N3hbQ25fJf8pZFAo=",
        "owner": "iErik",
        "repo": "dots.cursors",
        "rev": "3a47601dc11b9b7240cee0523b5798632bf9a96f",
        "type": "github"
      },
      "original": {
        "owner": "iErik",
        "repo": "dots.cursors",
        "type": "github"
      }
    },
    "emacs": {
      "inputs": {
        "nixpkgs": [
          "nixpkgs"
        ]
      },
      "locked": {
        "lastModified": 1775088531,
        "narHash": "sha256-HDPqVvgVYsRSf8exNMnjUpokyfgpXszTSU/HCydUEEc=",
        "owner": "iErik",
        "repo": "dots.emacs",
        "rev": "ca1441adb69a69e05fccd3ec165a75e0caf7ca19",
        "type": "github"
      },
      "original": {
        "owner": "iErik",
        "repo": "dots.emacs",
        "type": "github"
      }
    },
    "fish": {
      "inputs": {
        "nixpkgs": [
          "nixpkgs"
        ]
      },
      "locked": {
        "lastModified": 1775090851,
        "narHash": "sha256-Rwmi0Sn4C2exYBlDf9hWgB6yVq0aQSv9qUtk2b5uglw=",
        "owner": "iErik",
        "repo": "dots.fish",
        "rev": "e224276f4dd083b6beba1d02d0d0348b86d4ae5c",
        "type": "github"
      },
      "original": {
        "owner": "iErik",
        "repo": "dots.fish",
        "type": "github"
      }
    },
    "flake-compat": {
      "flake": false,
      "locked": {
        "lastModified": 1761588595,
        "narHash": "sha256-XKUZz9zewJNUj46b4AJdiRZJAvSZ0Dqj2BNfXvFlJC4=",
        "owner": "edolstra",
        "repo": "flake-compat",
        "rev": "f387cd2afec9419c8ee37694406ca490c3f34ee5",
        "type": "github"
      },
      "original": {
        "owner": "edolstra",
        "repo": "flake-compat",
        "type": "github"
      }
    },
    "flake-parts": {
      "inputs": {
        "nixpkgs-lib": "nixpkgs-lib"
      },
      "locked": {
        "lastModified": 1709336216,
        "narHash": "sha256-Dt/wOWeW6Sqm11Yh+2+t0dfEWxoMxGBvv3JpIocFl9E=",
        "owner": "hercules-ci",
        "repo": "flake-parts",
        "rev": "f7b3c975cf067e56e7cda6cb098ebe3fb4d74ca2",
        "type": "github"
      },
      "original": {
        "id": "flake-parts",
        "type": "indirect"
      }
    },
    "niri": {
      "inputs": {
        "nixpkgs": [
          "nixpkgs"
        ],
        "wallpapers": "wallpapers"
      },
      "locked": {
        "lastModified": 1775080282,
        "narHash": "sha256-OzNXHXDZvzxampyiaEeRTiroOSWe5twj6d251+adg/o=",
        "owner": "iErik",
        "repo": "dots.niri",
        "rev": "b99e7b1b24551e2a4755bae743472cfafbb40336",
        "type": "github"
      },
      "original": {
        "owner": "iErik",
        "repo": "dots.niri",
        "type": "github"
      }
    },
    "nixpkgs": {
      "locked": {
        "lastModified": 1775036866,
        "narHash": "sha256-ZojAnPuCdy657PbTq5V0Y+AHKhZAIwSIT2cb8UgAz/U=",
        "owner": "nixos",
        "repo": "nixpkgs",
        "rev": "6201e203d09599479a3b3450ed24fa81537ebc4e",
        "type": "github"
      },
      "original": {
        "owner": "nixos",
        "ref": "nixos-unstable",
        "repo": "nixpkgs",
        "type": "github"
      }
    },
    "nixpkgs-lib": {
      "locked": {
        "dir": "lib",
        "lastModified": 1709237383,
        "narHash": "sha256-cy6ArO4k5qTx+l5o+0mL9f5fa86tYUX3ozE1S+Txlds=",
        "owner": "NixOS",
        "repo": "nixpkgs",
        "rev": "1536926ef5621b09bba54035ae2bb6d806d72ac8",
        "type": "github"
      },
      "original": {
        "dir": "lib",
        "owner": "NixOS",
        "ref": "nixos-unstable",
        "repo": "nixpkgs",
        "type": "github"
      }
    },
    "nvim": {
      "inputs": {
        "nixpkgs": [
          "nixpkgs"
        ]
      },
      "locked": {
        "lastModified": 1775088454,
        "narHash": "sha256-4bDye/p1Ufu4MevX0AApXbgfJml/08vScTVCdD5nOf4=",
        "owner": "iErik",
        "repo": "dots.nvim",
        "rev": "7e89347b59c8aaf7519fab830d22a86670e9e8fe",
        "type": "github"
      },
      "original": {
        "owner": "iErik",
        "repo": "dots.nvim",
        "type": "github"
      }
    },
    "root": {
      "inputs": {
        "cursors": "cursors",
        "emacs": "emacs",
        "fish": "fish",
        "niri": "niri",
        "nixpkgs": "nixpkgs",
        "nvim": "nvim",
        "tmux": "tmux"
      }
    },
    "rust-overlay": {
      "inputs": {
        "nixpkgs": [
          "niri",
          "wallpapers",
          "awww",
          "nixpkgs"
        ]
      },
      "locked": {
        "lastModified": 1764038373,
        "narHash": "sha256-M6w2wNBRelcavoDAyFL2iO4NeWknD40ASkH1S3C0YGM=",
        "owner": "oxalica",
        "repo": "rust-overlay",
        "rev": "ab3536fe850211a96673c6ffb2cb88aab8071cc9",
        "type": "github"
      },
      "original": {
        "owner": "oxalica",
        "repo": "rust-overlay",
        "type": "github"
      }
    },
    "tmux": {
      "inputs": {
        "nixpkgs": [
          "nixpkgs"
        ],
        "tmux-sessionx": "tmux-sessionx"
      },
      "locked": {
        "lastModified": 1775103421,
        "narHash": "sha256-acgQKyjam69aiE5quGbKGnG7xmbRZTmOFlU1yJfEilU=",
        "owner": "iErik",
        "repo": "dots.tmux",
        "rev": "0027963c811797d44105d71d2acabdc252ee4285",
        "type": "github"
      },
      "original": {
        "owner": "iErik",
        "repo": "dots.tmux",
        "type": "github"
      }
    },
    "tmux-sessionx": {
      "inputs": {
        "flake-parts": "flake-parts",
        "nixpkgs": [
          "tmux",
          "nixpkgs"
        ]
      },
      "locked": {
        "lastModified": 1772209715,
        "narHash": "sha256-Iue1Y7WViAm92+qM96EowthpXwYrkeLudlWUXIzk368=",
        "owner": "omerxx",
        "repo": "tmux-sessionx",
        "rev": "301ce314c9bd25b803667e00c50a4f57d4b33aa2",
        "type": "github"
      },
      "original": {
        "owner": "omerxx",
        "repo": "tmux-sessionx",
        "type": "github"
      }
    },
    "wallpapers": {
      "inputs": {
        "awww": "awww",
        "nixpkgs": [
          "niri",
          "nixpkgs"
        ]
      },
      "locked": {
        "lastModified": 1774070915,
        "narHash": "sha256-51WqcOmfdNmFI7U/zYn7L/prYmDyQz9XE9+LtPpHDl4=",
        "ref": "refs/heads/main",
        "rev": "63b92a64c2638d7d2286f6648373ff311d3f5646",
        "revCount": 20,
        "type": "git",
        "url": "ssh://git@github.com/iErik/Wallpapers"
      },
      "original": {
        "type": "git",
        "url": "ssh://git@github.com/iErik/Wallpapers"
      }
    }
  },
  "root": "root",
  "version": 7
}
