{
  "nodes": {
    "awww": {
      "inputs": {
        "flake-compat": "flake-compat",
        "nixpkgs": [
          "hyprland",
          "wallpapers",
          "nixpkgs"
        ],
        "rust-overlay": "rust-overlay"
      },
      "locked": {
        "lastModified": 1776083220,
        "narHash": "sha256-78QngptaPiKhlDuhUMrN/GDSHhXtEgMqnRSe3sjhjhM=",
        "ref": "refs/heads/main",
        "rev": "27d68a7b8b81b3b9afced39b32e06639d470c040",
        "revCount": 1353,
        "type": "git",
        "url": "https://codeberg.org/LGFae/awww"
      },
      "original": {
        "type": "git",
        "url": "https://codeberg.org/LGFae/awww"
      }
    },
    "awww_2": {
      "inputs": {
        "flake-compat": "flake-compat_2",
        "nixpkgs": [
          "niri",
          "wallpapers",
          "nixpkgs"
        ],
        "rust-overlay": "rust-overlay_2"
      },
      "locked": {
        "lastModified": 1776083220,
        "narHash": "sha256-78QngptaPiKhlDuhUMrN/GDSHhXtEgMqnRSe3sjhjhM=",
        "ref": "refs/heads/main",
        "rev": "27d68a7b8b81b3b9afced39b32e06639d470c040",
        "revCount": 1353,
        "type": "git",
        "url": "https://codeberg.org/LGFae/awww"
      },
      "original": {
        "type": "git",
        "url": "https://codeberg.org/LGFae/awww"
      }
    },
    "cursors": {
      "inputs": {
        "nixpkgs": [
          "nixpkgs"
        ]
      },
      "locked": {
        "lastModified": 1774838848,
        "narHash": "sha256-1HQ7rlNWYFh4WFT6h+dfaEFT3H0N3hbQ25fJf8pZFAo=",
        "owner": "iErik",
        "repo": "dots.cursors",
        "rev": "3a47601dc11b9b7240cee0523b5798632bf9a96f",
        "type": "github"
      },
      "original": {
        "owner": "iErik",
        "repo": "dots.cursors",
        "type": "github"
      }
    },
    "emacs": {
      "inputs": {
        "nixpkgs": [
          "nixpkgs"
        ]
      },
      "locked": {
        "lastModified": 1775088531,
        "narHash": "sha256-HDPqVvgVYsRSf8exNMnjUpokyfgpXszTSU/HCydUEEc=",
        "owner": "iErik",
        "repo": "dots.emacs",
        "rev": "ca1441adb69a69e05fccd3ec165a75e0caf7ca19",
        "type": "github"
      },
      "original": {
        "owner": "iErik",
        "repo": "dots.emacs",
        "type": "github"
      }
    },
    "fish": {
      "inputs": {
        "nixpkgs": [
          "nixpkgs"
        ]
      },
      "locked": {
        "lastModified": 1776388922,
        "narHash": "sha256-kHqZN2x3m/tyshg/tZ5UxYtb7w8pq8mLZ2woMSxj9hc=",
        "owner": "iErik",
        "repo": "dots.fish",
        "rev": "0d2f6c4040bf2956296ba6d63da2df345d322369",
        "type": "github"
      },
      "original": {
        "owner": "iErik",
        "repo": "dots.fish",
        "type": "github"
      }
    },
    "flake-compat": {
      "flake": false,
      "locked": {
        "lastModified": 1761588595,
        "narHash": "sha256-XKUZz9zewJNUj46b4AJdiRZJAvSZ0Dqj2BNfXvFlJC4=",
        "owner": "edolstra",
        "repo": "flake-compat",
        "rev": "f387cd2afec9419c8ee37694406ca490c3f34ee5",
        "type": "github"
      },
      "original": {
        "owner": "edolstra",
        "repo": "flake-compat",
        "type": "github"
      }
    },
    "flake-compat_2": {
      "flake": false,
      "locked": {
        "lastModified": 1761588595,
        "narHash": "sha256-XKUZz9zewJNUj46b4AJdiRZJAvSZ0Dqj2BNfXvFlJC4=",
        "owner": "edolstra",
        "repo": "flake-compat",
        "rev": "f387cd2afec9419c8ee37694406ca490c3f34ee5",
        "type": "github"
      },
      "original": {
        "owner": "edolstra",
        "repo": "flake-compat",
        "type": "github"
      }
    },
    "flake-parts": {
      "inputs": {
        "nixpkgs-lib": "nixpkgs-lib"
      },
      "locked": {
        "lastModified": 1709336216,
        "narHash": "sha256-Dt/wOWeW6Sqm11Yh+2+t0dfEWxoMxGBvv3JpIocFl9E=",
        "owner": "hercules-ci",
        "repo": "flake-parts",
        "rev": "f7b3c975cf067e56e7cda6cb098ebe3fb4d74ca2",
        "type": "github"
      },
      "original": {
        "id": "flake-parts",
        "type": "indirect"
      }
    },
    "hyprland": {
      "inputs": {
        "nixpkgs": [
          "nixpkgs"
        ],
        "wallpapers": "wallpapers"
      },
      "locked": {
        "lastModified": 1776397821,
        "narHash": "sha256-i3Q2mftU3eWH9rZLs15Egd7yZB5E/XHYEtxihaheCjo=",
        "owner": "iErik",
        "repo": "dots.hyprland",
        "rev": "3be3ea2568315949a5c76b02d8e6f653b35f46ba",
        "type": "github"
      },
      "original": {
        "owner": "iErik",
        "repo": "dots.hyprland",
        "type": "github"
      }
    },
    "niri": {
      "inputs": {
        "nixpkgs": [
          "nixpkgs"
        ],
        "wallpapers": "wallpapers_2"
      },
      "locked": {
        "lastModified": 1777597892,
        "narHash": "sha256-MJwN+h/1w8OYduhjlNhKEVECv8YGQ8eT/52mbAK3QW0=",
        "owner": "iErik",
        "repo": "dots.niri",
        "rev": "4f2acb5b01ee83fb2443305ca93f22c9e7e61d9a",
        "type": "github"
      },
      "original": {
        "owner": "iErik",
        "repo": "dots.niri",
        "type": "github"
      }
    },
    "nixpkgs": {
      "locked": {
        "lastModified": 1777268161,
        "narHash": "sha256-bxrdOn8SCOv8tN4JbTF/TXq7kjo9ag4M+C8yzzIRYbE=",
        "owner": "nixos",
        "repo": "nixpkgs",
        "rev": "1c3fe55ad329cbcb28471bb30f05c9827f724c76",
        "type": "github"
      },
      "original": {
        "owner": "nixos",
        "ref": "nixos-unstable",
        "repo": "nixpkgs",
        "type": "github"
      }
    },
    "nixpkgs-lib": {
      "locked": {
        "dir": "lib",
        "lastModified": 1709237383,
        "narHash": "sha256-cy6ArO4k5qTx+l5o+0mL9f5fa86tYUX3ozE1S+Txlds=",
        "owner": "NixOS",
        "repo": "nixpkgs",
        "rev": "1536926ef5621b09bba54035ae2bb6d806d72ac8",
        "type": "github"
      },
      "original": {
        "dir": "lib",
        "owner": "NixOS",
        "ref": "nixos-unstable",
        "repo": "nixpkgs",
        "type": "github"
      }
    },
    "nvim": {
      "inputs": {
        "nixpkgs": [
          "nixpkgs"
        ]
      },
      "locked": {
        "lastModified": 1775088454,
        "narHash": "sha256-4bDye/p1Ufu4MevX0AApXbgfJml/08vScTVCdD5nOf4=",
        "owner": "iErik",
        "repo": "dots.nvim",
        "rev": "7e89347b59c8aaf7519fab830d22a86670e9e8fe",
        "type": "github"
      },
      "original": {
        "owner": "iErik",
        "repo": "dots.nvim",
        "type": "github"
      }
    },
    "root": {
      "inputs": {
        "cursors": "cursors",
        "emacs": "emacs",
        "fish": "fish",
        "hyprland": "hyprland",
        "niri": "niri",
        "nixpkgs": "nixpkgs",
        "nvim": "nvim",
        "tmux": "tmux"
      }
    },
    "rust-overlay": {
      "inputs": {
        "nixpkgs": [
          "hyprland",
          "wallpapers",
          "awww",
          "nixpkgs"
        ]
      },
      "locked": {
        "lastModified": 1764038373,
        "narHash": "sha256-M6w2wNBRelcavoDAyFL2iO4NeWknD40ASkH1S3C0YGM=",
        "owner": "oxalica",
        "repo": "rust-overlay",
        "rev": "ab3536fe850211a96673c6ffb2cb88aab8071cc9",
        "type": "github"
      },
      "original": {
        "owner": "oxalica",
        "repo": "rust-overlay",
        "type": "github"
      }
    },
    "rust-overlay_2": {
      "inputs": {
        "nixpkgs": [
          "niri",
          "wallpapers",
          "awww",
          "nixpkgs"
        ]
      },
      "locked": {
        "lastModified": 1764038373,
        "narHash": "sha256-M6w2wNBRelcavoDAyFL2iO4NeWknD40ASkH1S3C0YGM=",
        "owner": "oxalica",
        "repo": "rust-overlay",
        "rev": "ab3536fe850211a96673c6ffb2cb88aab8071cc9",
        "type": "github"
      },
      "original": {
        "owner": "oxalica",
        "repo": "rust-overlay",
        "type": "github"
      }
    },
    "tmux": {
      "inputs": {
        "nixpkgs": [
          "nixpkgs"
        ],
        "tmux-sessionx": "tmux-sessionx"
      },
      "locked": {
        "lastModified": 1776388718,
        "narHash": "sha256-2NRWMcDgGlOjINcz9jWAiVN07o8m+DeA+FPr2lCKmXU=",
        "owner": "iErik",
        "repo": "dots.tmux",
        "rev": "b37c669a6823b1c2a66cced7d192aa5a6bccaabd",
        "type": "github"
      },
      "original": {
        "owner": "iErik",
        "repo": "dots.tmux",
        "type": "github"
      }
    },
    "tmux-sessionx": {
      "inputs": {
        "flake-parts": "flake-parts",
        "nixpkgs": [
          "tmux",
          "nixpkgs"
        ]
      },
      "locked": {
        "lastModified": 1772209715,
        "narHash": "sha256-Iue1Y7WViAm92+qM96EowthpXwYrkeLudlWUXIzk368=",
        "owner": "omerxx",
        "repo": "tmux-sessionx",
        "rev": "301ce314c9bd25b803667e00c50a4f57d4b33aa2",
        "type": "github"
      },
      "original": {
        "owner": "omerxx",
        "repo": "tmux-sessionx",
        "type": "github"
      }
    },
    "wallpapers": {
      "inputs": {
        "awww": "awww",
        "nixpkgs": [
          "hyprland",
          "nixpkgs"
        ]
      },
      "locked": {
        "lastModified": 1776391459,
        "narHash": "sha256-zyCjLCV6ZrDVPnf57LFZMxgZLnq+k4F/l3j1roM7FXA=",
        "ref": "refs/heads/main",
        "rev": "ac6bf996bbb9829666b3311ab6044da591f05775",
        "revCount": 21,
        "type": "git",
        "url": "ssh://git@github.com/iErik/Wallpapers"
      },
      "original": {
        "type": "git",
        "url": "ssh://git@github.com/iErik/Wallpapers"
      }
    },
    "wallpapers_2": {
      "inputs": {
        "awww": "awww_2",
        "nixpkgs": [
          "niri",
          "nixpkgs"
        ]
      },
      "locked": {
        "lastModified": 1776391459,
        "narHash": "sha256-zyCjLCV6ZrDVPnf57LFZMxgZLnq+k4F/l3j1roM7FXA=",
        "ref": "refs/heads/main",
        "rev": "ac6bf996bbb9829666b3311ab6044da591f05775",
        "revCount": 21,
        "type": "git",
        "url": "ssh://git@github.com/iErik/Wallpapers"
      },
      "original": {
        "type": "git",
        "url": "ssh://git@github.com/iErik/Wallpapers"
      }
    }
  },
  "root": "root",
  "version": 7
}
